{
  "name": "ejerciciom6s3",
  "version": "1.0.0",
  "lockfileVersion": 3,
  "requires": true,
  "packages": {
    "": {
      "name": "ejerciciom6s3",
      "version": "1.0.0",
      "license": "ISC",
      "dependencies": {
        "moment": "^2.29.4",
        "rut.js": "^2.1.0"
      }
    },
    "node_modules/moment": {
      "version": "2.29.4",
      "resolved": "https://registry.npmjs.org/moment/-/moment-2.29.4.tgz",
      "integrity": "sha512-5LC9SOxjSc2HF6vO2CyuTDNivEdoz2IvyJJGj6X8DJ0eFyfszE0QiEd+iXmBvUP3WHxSjFH/vIsA0EN00cgr8w==",
      "engines": {
        "node": "*"
      }
    },
    "node_modules/rut.js": {
      "version": "2.1.0",
      "resolved": "https://registry.npmjs.org/rut.js/-/rut.js-2.1.0.tgz",
      "integrity": "sha512-v8tXUbqycX2frkeZBcCJgn2dbZE29S21bOF+tRmow58m2qEVz5lGLmNaJ9ahTRfj3WEfwl55mTZi8qqE91w81g==",
      "engines": {
        "node": ">=10"
      }
    }
  }
}
